Microsoft Visual Studio Solution File, Format Version 12.00
# Visual Studio Version 16
VisualStudioVersion = 16.0.30114.105
MinimumVisualStudioVersion = 10.0.40219.1
Project("{FAE04EC0-301F-11D3-BF4B-00C04F79EFBC}") = "iMonDisplayApiWrapperSharp", "iMonDisplayApiWrapperSharp.csproj", "{4BB3AF02-A62A-4B52-A5B0-7A69A4461E9A}"
EndProject
Global
	GlobalSection(SolutionConfigurationPlatforms) = preSolution
		Debug|Any CPU = Debug|Any CPU
		Debug|x86 = Debug|x86
		Release|Any CPU = Release|Any CPU
		Release|x86 = Release|x86
	EndGlobalSection
	GlobalSection(ProjectConfigurationPlatforms) = postSolution
		{4BB3AF02-A62A-4B52-A5B0-7A69A4461E9A}.Debug|Any CPU.ActiveCfg = Debug|Any CPU
		{4BB3AF02-A62A-4B52-A5B0-7A69A4461E9A}.Debug|Any CPU.Build.0 = Debug|Any CPU
		{4BB3AF02-A62A-4B52-A5B0-7A69A4461E9A}.Debug|x86.ActiveCfg = Debug|x86
		{4BB3AF02-A62A-4B52-A5B0-7A69A4461E9A}.Debug|x86.Build.0 = Debug|x86
		{4BB3AF02-A62A-4B52-A5B0-7A69A4461E9A}.Release|Any CPU.ActiveCfg = Release|Any CPU
		{4BB3AF02-A62A-4B52-A5B0-7A69A4461E9A}.Release|Any CPU.Build.0 = Release|Any CPU
		{4BB3AF02-A62A-4B52-A5B0-7A69A4461E9A}.Release|x86.ActiveCfg = Release|x86
		{4BB3AF02-A62A-4B52-A5B0-7A69A4461E9A}.Release|x86.Build.0 = Release|x86
	EndGlobalSection
	GlobalSection(SolutionProperties) = preSolution
		HideSolutionNode = FALSE
	EndGlobalSection
	GlobalSection(ExtensibilityGlobals) = postSolution
		SolutionGuid = {3FC069BA-6693-486F-9757-33D98C65A1E4}
	EndGlobalSection
EndGlobal
